// !$*UTF8*$!
{
	archiveVersion = 1;
	classes = {
	};
	objectVersion = 50;
	objects = {

/* Begin PBXBuildFile section */
		8067F19825CBE0F800F0211E /* BirdsOfCostaRicaApp.swift in Sources */ = {isa = PBXBuildFile; fileRef = 8067F19725CBE0F800F0211E /* BirdsOfCostaRicaApp.swift */; };
		8067F19A25CBE0F800F0211E /* ContentView.swift in Sources */ = {isa = PBXBuildFile; fileRef = 8067F19925CBE0F800F0211E /* ContentView.swift */; };
		8067F19C25CBE0FA00F0211E /* Assets.xcassets in Resources */ = {isa = PBXBuildFile; fileRef = 8067F19B25CBE0FA00F0211E /* Assets.xcassets */; };
		8067F19F25CBE0FA00F0211E /* Preview Assets.xcassets in Resources */ = {isa = PBXBuildFile; fileRef = 8067F19E25CBE0FA00F0211E /* Preview Assets.xcassets */; };
		8067F1AA25CBE0FA00F0211E /* BirdsOfCostaRicaTests.swift in Sources */ = {isa = PBXBuildFile; fileRef = 8067F1A925CBE0FA00F0211E /* BirdsOfCostaRicaTests.swift */; };
		8067F1B525CBE0FA00F0211E /* BirdsOfCostaRicaUITests.swift in Sources */ = {isa = PBXBuildFile; fileRef = 8067F1B425CBE0FA00F0211E /* BirdsOfCostaRicaUITests.swift */; };
/* End PBXBuildFile section */

/* Begin PBXContainerItemProxy section */
		8067F1A625CBE0FA00F0211E /* PBXContainerItemProxy */ = {
			isa = PBXContainerItemProxy;
			containerPortal = 8067F18C25CBE0F800F0211E /* Project object */;
			proxyType = 1;
			remoteGlobalIDString = 8067F19325CBE0F800F0211E;
			remoteInfo = BirdsOfCostaRica;
		};
		8067F1B125CBE0FA00F0211E /* PBXContainerItemProxy */ = {
			isa = PBXContainerItemProxy;
			containerPortal = 8067F18C25CBE0F800F0211E /* Project object */;
			proxyType = 1;
			remoteGlobalIDString = 8067F19325CBE0F800F0211E;
			remoteInfo = BirdsOfCostaRica;
		};
/* End PBXContainerItemProxy section */

/* Begin PBXFileReference section */
		8067F19425CBE0F800F0211E /* BirdsOfCostaRica.app */ = {isa = PBXFileReference; explicitFileType = wrapper.application; includeInIndex = 0; path = BirdsOfCostaRica.app; sourceTree = BUILT_PRODUCTS_DIR; };
		8067F19725CBE0F800F0211E /* BirdsOfCostaRicaApp.swift */ = {isa = PBXFileReference; lastKnownFileType = sourcecode.swift; path = BirdsOfCostaRicaApp.swift; sourceTree = "<group>"; };
		8067F19925CBE0F800F0211E /* ContentView.swift */ = {isa = PBXFileReference; lastKnownFileType = sourcecode.swift; path = ContentView.swift; sourceTree = "<group>"; };
		8067F19B25CBE0FA00F0211E /* Assets.xcassets */ = {isa = PBXFileReference; lastKnownFileType = folder.assetcatalog; path = Assets.xcassets; sourceTree = "<group>"; };
		8067F19E25CBE0FA00F0211E /* Preview Assets.xcassets */ = {isa = PBXFileReference; lastKnownFileType = folder.assetcatalog; path = "Preview Assets.xcassets"; sourceTree = "<group>"; };
		8067F1A025CBE0FA00F0211E /* Info.plist */ = {isa = PBXFileReference; lastKnownFileType = text.plist.xml; path = Info.plist; sourceTree = "<group>"; };
		8067F1A525CBE0FA00F0211E /* BirdsOfCostaRicaTests.xctest */ = {isa = PBXFileReference; explicitFileType = wrapper.cfbundle; includeInIndex = 0; path = BirdsOfCostaRicaTests.xctest; sourceTree = BUILT_PRODUCTS_DIR; };
		8067F1A925CBE0FA00F0211E /* BirdsOfCostaRicaTests.swift */ = {isa = PBXFileReference; lastKnownFileType = sourcecode.swift; path = BirdsOfCostaRicaTests.swift; sourceTree = "<group>"; };
		8067F1AB25CBE0FA00F0211E /* Info.plist */ = {isa = PBXFileReference; lastKnownFileType = text.plist.xml; path = Info.plist; sourceTree = "<group>"; };
		8067F1B025CBE0FA00F0211E /* BirdsOfCostaRicaUITests.xctest */ = {isa = PBXFileReference; explicitFileType = wrapper.cfbundle; includeInIndex = 0; path = BirdsOfCostaRicaUITests.xctest; sourceTree = BUILT_PRODUCTS_DIR; };
		8067F1B425CBE0FA00F0211E /* BirdsOfCostaRicaUITests.swift */ = {isa = PBXFileReference; lastKnownFileType = sourcecode.swift; path = BirdsOfCostaRicaUITests.swift; sourceTree = "<group>"; };
		8067F1B625CBE0FA00F0211E /* Info.plist */ = {isa = PBXFileReference; lastKnownFileType = text.plist.xml; path = Info.plist; sourceTree = "<group>"; };
/* End PBXFileReference section */

/* Begin PBXFrameworksBuildPhase section */
		8067F19125CBE0F800F0211E /* Frameworks */ = {
			isa = PBXFrameworksBuildPhase;
			buildActionMask = 2147483647;
			files = (
			);
			runOnlyForDeploymentPostprocessing = 0;
		};
		8067F1A225CBE0FA00F0211E /* Frameworks */ = {
			isa = PBXFrameworksBuildPhase;
			buildActionMask = 2147483647;
			files = (
			);
			runOnlyForDeploymentPostprocessing = 0;
		};
		8067F1AD25CBE0FA00F0211E /* Frameworks */ = {
			isa = PBXFrameworksBuildPhase;
			buildActionMask = 2147483647;
			files = (
			);
			runOnlyForDeploymentPostprocessing = 0;
		};
/* End PBXFrameworksBuildPhase section */

/* Begin PBXGroup section */
		8067F18B25CBE0F800F0211E = {
			isa = PBXGroup;
			children = (
				8067F19625CBE0F800F0211E /* BirdsOfCostaRica */,
				8067F1A825CBE0FA00F0211E /* BirdsOfCostaRicaTests */,
				8067F1B325CBE0FA00F0211E /* BirdsOfCostaRicaUITests */,
				8067F19525CBE0F800F0211E /* Products */,
			);
			sourceTree = "<group>";
		};
		8067F19525CBE0F800F0211E /* Products */ = {
			isa = PBXGroup;
			children = (
				8067F19425CBE0F800F0211E /* BirdsOfCostaRica.app */,
				8067F1A525CBE0FA00F0211E /* BirdsOfCostaRicaTests.xctest */,
				8067F1B025CBE0FA00F0211E /* BirdsOfCostaRicaUITests.xctest */,
			);
			name = Products;
			sourceTree = "<group>";
		};
		8067F19625CBE0F800F0211E /* BirdsOfCostaRica */ = {
			isa = PBXGroup;
			children = (
				8067F19725CBE0F800F0211E /* BirdsOfCostaRicaApp.swift */,
				8067F19925CBE0F800F0211E /* ContentView.swift */,
				8067F19B25CBE0FA00F0211E /* Assets.xcassets */,
				8067F1A025CBE0FA00F0211E /* Info.plist */,
				8067F19D25CBE0FA00F0211E /* Preview Content */,
			);
			path = BirdsOfCostaRica;
			sourceTree = "<group>";
		};
		8067F19D25CBE0FA00F0211E /* Preview Content */ = {
			isa = PBXGroup;
			children = (
				8067F19E25CBE0FA00F0211E /* Preview Assets.xcassets */,
			);
			path = "Preview Content";
			sourceTree = "<group>";
		};
		8067F1A825CBE0FA00F0211E /* BirdsOfCostaRicaTests */ = {
			isa = PBXGroup;
			children = (
				8067F1A925CBE0FA00F0211E /* BirdsOfCostaRicaTests.swift */,
				8067F1AB25CBE0FA00F0211E /* Info.plist */,
			);
			path = BirdsOfCostaRicaTests;
			sourceTree = "<group>";
		};
		8067F1B325CBE0FA00F0211E /* BirdsOfCostaRicaUITests */ = {
			isa = PBXGroup;
			children = (
				8067F1B425CBE0FA00F0211E /* BirdsOfCostaRicaUITests.swift */,
				8067F1B625CBE0FA00F0211E /* Info.plist */,
			);
			path = BirdsOfCostaRicaUITests;
			sourceTree = "<group>";
		};
/* End PBXGroup section */

/* Begin PBXNativeTarget section */
		8067F19325CBE0F800F0211E /* BirdsOfCostaRica */ = {
			isa = PBXNativeTarget;
			buildConfigurationList = 8067F1B925CBE0FA00F0211E /* Build configuration list for PBXNativeTarget "BirdsOfCostaRica" */;
			buildPhases = (
				8067F19025CBE0F800F0211E /* Sources */,
				8067F19125CBE0F800F0211E /* Frameworks */,
				8067F19225CBE0F800F0211E /* Resources */,
			);
			buildRules = (
			);
			dependencies = (
			);
			name = BirdsOfCostaRica;
			productName = BirdsOfCostaRica;
			productReference = 8067F19425CBE0F800F0211E /* BirdsOfCostaRica.app */;
			productType = "com.apple.product-type.application";
		};
		8067F1A425CBE0FA00F0211E /* BirdsOfCostaRicaTests */ = {
			isa = PBXNativeTarget;
			buildConfigurationList = 8067F1BC25CBE0FA00F0211E /* Build configuration list for PBXNativeTarget "BirdsOfCostaRicaTests" */;
			buildPhases = (
				8067F1A125CBE0FA00F0211E /* Sources */,
				8067F1A225CBE0FA00F0211E /* Frameworks */,
				8067F1A325CBE0FA00F0211E /* Resources */,
			);
			buildRules = (
			);
			dependencies = (
				8067F1A725CBE0FA00F0211E /* PBXTargetDependency */,
			);
			name = BirdsOfCostaRicaTests;
			productName = BirdsOfCostaRicaTests;
			productReference = 8067F1A525CBE0FA00F0211E /* BirdsOfCostaRicaTests.xctest */;
			productType = "com.apple.product-type.bundle.unit-test";
		};
		8067F1AF25CBE0FA00F0211E /* BirdsOfCostaRicaUITests */ = {
			isa = PBXNativeTarget;
			buildConfigurationList = 8067F1BF25CBE0FA00F0211E /* Build configuration list for PBXNativeTarget "BirdsOfCostaRicaUITests" */;
			buildPhases = (
				8067F1AC25CBE0FA00F0211E /* Sources */,
				8067F1AD25CBE0FA00F0211E /* Frameworks */,
				8067F1AE25CBE0FA00F0211E /* Resources */,
			);
			buildRules = (
			);
			dependencies = (
				8067F1B225CBE0FA00F0211E /* PBXTargetDependency */,
			);
			name = BirdsOfCostaRicaUITests;
			productName = BirdsOfCostaRicaUITests;
			productReference = 8067F1B025CBE0FA00F0211E /* BirdsOfCostaRicaUITests.xctest */;
			productType = "com.apple.product-type.bundle.ui-testing";
		};
/* End PBXNativeTarget section */

/* Begin PBXProject section */
		8067F18C25CBE0F800F0211E /* Project object */ = {
			isa = PBXProject;
			attributes = {
				LastSwiftUpdateCheck = 1230;
				LastUpgradeCheck = 1230;
				TargetAttributes = {
					8067F19325CBE0F800F0211E = {
						CreatedOnToolsVersion = 12.3;
					};
					8067F1A425CBE0FA00F0211E = {
						CreatedOnToolsVersion = 12.3;
						TestTargetID = 8067F19325CBE0F800F0211E;
					};
					8067F1AF25CBE0FA00F0211E = {
						CreatedOnToolsVersion = 12.3;
						TestTargetID = 8067F19325CBE0F800F0211E;
					};
				};
			};
			buildConfigurationList = 8067F18F25CBE0F800F0211E /* Build configuration list for PBXProject "BirdsOfCostaRica" */;
			compatibilityVersion = "Xcode 9.3";
			developmentRegion = en;
			hasScannedForEncodings = 0;
			knownRegions = (
				en,
				Base,
			);
			mainGroup = 8067F18B25CBE0F800F0211E;
			productRefGroup = 8067F19525CBE0F800F0211E /* Products */;
			projectDirPath = "";
			projectRoot = "";
			targets = (
				8067F19325CBE0F800F0211E /* BirdsOfCostaRica */,
				8067F1A425CBE0FA00F0211E /* BirdsOfCostaRicaTests */,
				8067F1AF25CBE0FA00F0211E /* BirdsOfCostaRicaUITests */,
			);
		};
/* End PBXProject section */

/* Begin PBXResourcesBuildPhase section */
		8067F19225CBE0F800F0211E /* Resources */ = {
			isa = PBXResourcesBuildPhase;
			buildActionMask = 2147483647;
			files = (
				8067F19F25CBE0FA00F0211E /* Preview Assets.xcassets in Resources */,
				8067F19C25CBE0FA00F0211E /* Assets.xcassets in Resources */,
			);
			runOnlyForDeploymentPostprocessing = 0;
		};
		8067F1A325CBE0FA00F0211E /* Resources */ = {
			isa = PBXResourcesBuildPhase;
			buildActionMask = 2147483647;
			files = (
			);
			runOnlyForDeploymentPostprocessing = 0;
		};
		8067F1AE25CBE0FA00F0211E /* Resources */ = {
			isa = PBXResourcesBuildPhase;
			buildActionMask = 2147483647;
			files = (
			);
			runOnlyForDeploymentPostprocessing = 0;
		};
/* End PBXResourcesBuildPhase section */

/* Begin PBXSourcesBuildPhase section */
		8067F19025CBE0F800F0211E /* Sources */ = {
			isa = PBXSourcesBuildPhase;
			buildActionMask = 2147483647;
			files = (
				8067F19A25CBE0F800F0211E /* ContentView.swift in Sources */,
				8067F19825CBE0F800F0211E /* BirdsOfCostaRicaApp.swift in Sources */,
			);
			runOnlyForDeploymentPostprocessing = 0;
		};
		8067F1A125CBE0FA00F0211E /* Sources */ = {
			isa = PBXSourcesBuildPhase;
			buildActionMask = 2147483647;
			files = (
				8067F1AA25CBE0FA00F0211E /* BirdsOfCostaRicaTests.swift in Sources */,
			);
			runOnlyForDeploymentPostprocessing = 0;
		};
		8067F1AC25CBE0FA00F0211E /* Sources */ = {
			isa = PBXSourcesBuildPhase;
			buildActionMask = 2147483647;
			files = (
				8067F1B525CBE0FA00F0211E /* BirdsOfCostaRicaUITests.swift in Sources */,
			);
			runOnlyForDeploymentPostprocessing = 0;
		};
/* End PBXSourcesBuildPhase section */

/* Begin PBXTargetDependency section */
		8067F1A725CBE0FA00F0211E /* PBXTargetDependency */ = {
			isa = PBXTargetDependency;
			target = 8067F19325CBE0F800F0211E /* BirdsOfCostaRica */;
			targetProxy = 8067F1A625CBE0FA00F0211E /* PBXContainerItemProxy */;
		};
		8067F1B225CBE0FA00F0211E /* PBXTargetDependency */ = {
			isa = PBXTargetDependency;
			target = 8067F19325CBE0F800F0211E /* BirdsOfCostaRica */;
			targetProxy = 8067F1B125CBE0FA00F0211E /* PBXContainerItemProxy */;
		};
/* End PBXTargetDependency section */

/* Begin XCBuildConfiguration section */
		8067F1B725CBE0FA00F0211E /* Debug */ = {
			isa = XCBuildConfiguration;
			buildSettings = {
				ALWAYS_SEARCH_USER_PATHS = NO;
				CLANG_ANALYZER_NONNULL = YES;
				CLANG_ANALYZER_NUMBER_OBJECT_CONVERSION = YES_AGGRESSIVE;
				CLANG_CXX_LANGUAGE_STANDARD = "gnu++14";
				CLANG_CXX_LIBRARY = "libc++";
				CLANG_ENABLE_MODULES = YES;
				CLANG_ENABLE_OBJC_ARC = YES;
				CLANG_ENABLE_OBJC_WEAK = YES;
				CLANG_WARN_BLOCK_CAPTURE_AUTORELEASING = YES;
				CLANG_WARN_BOOL_CONVERSION = YES;
				CLANG_WARN_COMMA = YES;
				CLANG_WARN_CONSTANT_CONVERSION = YES;
				CLANG_WARN_DEPRECATED_OBJC_IMPLEMENTATIONS = YES;
				CLANG_WARN_DIRECT_OBJC_ISA_USAGE = YES_ERROR;
				CLANG_WARN_DOCUMENTATION_COMMENTS = YES;
				CLANG_WARN_EMPTY_BODY = YES;
				CLANG_WARN_ENUM_CONVERSION = YES;
				CLANG_WARN_INFINITE_RECURSION = YES;
				CLANG_WARN_INT_CONVERSION = YES;
				CLANG_WARN_NON_LITERAL_NULL_CONVERSION = YES;
				CLANG_WARN_OBJC_IMPLICIT_RETAIN_SELF = YES;
				CLANG_WARN_OBJC_LITERAL_CONVERSION = YES;
				CLANG_WARN_OBJC_ROOT_CLASS = YES_ERROR;
				CLANG_WARN_QUOTED_INCLUDE_IN_FRAMEWORK_HEADER = YES;
				CLANG_WARN_RANGE_LOOP_ANALYSIS = YES;
				CLANG_WARN_STRICT_PROTOTYPES = YES;
				CLANG_WARN_SUSPICIOUS_MOVE = YES;
				CLANG_WARN_UNGUARDED_AVAILABILITY = YES_AGGRESSIVE;
				CLANG_WARN_UNREACHABLE_CODE = YES;
				CLANG_WARN__DUPLICATE_METHOD_MATCH = YES;
				COPY_PHASE_STRIP = NO;
				DEBUG_INFORMATION_FORMAT = dwarf;
				ENABLE_STRICT_OBJC_MSGSEND = YES;
				ENABLE_TESTABILITY = YES;
				GCC_C_LANGUAGE_STANDARD = gnu11;
				GCC_DYNAMIC_NO_PIC = NO;
				GCC_NO_COMMON_BLOCKS = YES;
				GCC_OPTIMIZATION_LEVEL = 0;
				GCC_PREPROCESSOR_DEFINITIONS = (
					"DEBUG=1",
					"$(inherited)",
				);
				GCC_WARN_64_TO_32_BIT_CONVERSION = YES;
				GCC_WARN_ABOUT_RETURN_TYPE = YES_ERROR;
				GCC_WARN_UNDECLARED_SELECTOR = YES;
				GCC_WARN_UNINITIALIZED_AUTOS = YES_AGGRESSIVE;
				GCC_WARN_UNUSED_FUNCTION = YES;
				GCC_WARN_UNUSED_VARIABLE = YES;
				IPHONEOS_DEPLOYMENT_TARGET = 14.3;
				MTL_ENABLE_DEBUG_INFO = INCLUDE_SOURCE;
				MTL_FAST_MATH = YES;
				ONLY_ACTIVE_ARCH = YES;
				SDKROOT = iphoneos;
				SWIFT_ACTIVE_COMPILATION_CONDITIONS = DEBUG;
				SWIFT_OPTIMIZATION_LEVEL = "-Onone";
			};
			name = Debug;
		};
		8067F1B825CBE0FA00F0211E /* Release */ = {
			isa = XCBuildConfiguration;
			buildSettings = {
				ALWAYS_SEARCH_USER_PATHS = NO;
				CLANG_ANALYZER_NONNULL = YES;
				CLANG_ANALYZER_NUMBER_OBJECT_CONVERSION = YES_AGGRESSIVE;
				CLANG_CXX_LANGUAGE_STANDARD = "gnu++14";
				CLANG_CXX_LIBRARY = "libc++";
				CLANG_ENABLE_MODULES = YES;
				CLANG_ENABLE_OBJC_ARC = YES;
				CLANG_ENABLE_OBJC_WEAK = YES;
				CLANG_WARN_BLOCK_CAPTURE_AUTORELEASING = YES;
				CLANG_WARN_BOOL_CONVERSION = YES;
				CLANG_WARN_COMMA = YES;
				CLANG_WARN_CONSTANT_CONVERSION = YES;
				CLANG_WARN_DEPRECATED_OBJC_IMPLEMENTATIONS = YES;
				CLANG_WARN_DIRECT_OBJC_ISA_USAGE = YES_ERROR;
				CLANG_WARN_DOCUMENTATION_COMMENTS = YES;
				CLANG_WARN_EMPTY_BODY = YES;
				CLANG_WARN_ENUM_CONVERSION = YES;
				CLANG_WARN_INFINITE_RECURSION = YES;
				CLANG_WARN_INT_CONVERSION = YES;
				CLANG_WARN_NON_LITERAL_NULL_CONVERSION = YES;
				CLANG_WARN_OBJC_IMPLICIT_RETAIN_SELF = YES;
				CLANG_WARN_OBJC_LITERAL_CONVERSION = YES;
				CLANG_WARN_OBJC_ROOT_CLASS = YES_ERROR;
				CLANG_WARN_QUOTED_INCLUDE_IN_FRAMEWORK_HEADER = YES;
				CLANG_WARN_RANGE_LOOP_ANALYSIS = YES;
				CLANG_WARN_STRICT_PROTOTYPES = YES;
				CLANG_WARN_SUSPICIOUS_MOVE = YES;
				CLANG_WARN_UNGUARDED_AVAILABILITY = YES_AGGRESSIVE;
				CLANG_WARN_UNREACHABLE_CODE = YES;
				CLANG_WARN__DUPLICATE_METHOD_MATCH = YES;
				COPY_PHASE_STRIP = NO;
				DEBUG_INFORMATION_FORMAT = "dwarf-with-dsym";
				ENABLE_NS_ASSERTIONS = NO;
				ENABLE_STRICT_OBJC_MSGSEND = YES;
				GCC_C_LANGUAGE_STANDARD = gnu11;
				GCC_NO_COMMON_BLOCKS = YES;
				GCC_WARN_64_TO_32_BIT_CONVERSION = YES;
				GCC_WARN_ABOUT_RETURN_TYPE = YES_ERROR;
				GCC_WARN_UNDECLARED_SELECTOR = YES;
				GCC_WARN_UNINITIALIZED_AUTOS = YES_AGGRESSIVE;
				GCC_WARN_UNUSED_FUNCTION = YES;
				GCC_WARN_UNUSED_VARIABLE = YES;
				IPHONEOS_DEPLOYMENT_TARGET = 14.3;
				MTL_ENABLE_DEBUG_INFO = NO;
				MTL_FAST_MATH = YES;
				SDKROOT = iphoneos;
				SWIFT_COMPILATION_MODE = wholemodule;
				SWIFT_OPTIMIZATION_LEVEL = "-O";
				VALIDATE_PRODUCT = YES;
			};
			name = Release;
		};
		8067F1BA25CBE0FA00F0211E /* Debug */ = {
			isa = XCBuildConfiguration;
			buildSettings = {
				ASSETCATALOG_COMPILER_APPICON_NAME = AppIcon;
				ASSETCATALOG_COMPILER_GLOBAL_ACCENT_COLOR_NAME = AccentColor;
				CODE_SIGN_STYLE = Automatic;
				DEVELOPMENT_ASSET_PATHS = "\"BirdsOfCostaRica/Preview Content\"";
				DEVELOPMENT_TEAM = Q32LXKR624;
				ENABLE_PREVIEWS = YES;
				INFOPLIST_FILE = BirdsOfCostaRica/Info.plist;
				IPHONEOS_DEPLOYMENT_TARGET = 14.0;
				LD_RUNPATH_SEARCH_PATHS = (
					"$(inherited)",
					"@executable_path/Frameworks",
				);
				PRODUCT_BUNDLE_IDENTIFIER = loganwright.io.BirdsOfCostaRica;
				PRODUCT_NAME = "$(TARGET_NAME)";
				SWIFT_VERSION = 5.0;
				TARGETED_DEVICE_FAMILY = "1,2";
			};
			name = Debug;
		};
		8067F1BB25CBE0FA00F0211E /* Release */ = {
			isa = XCBuildConfiguration;
			buildSettings = {
				ASSETCATALOG_COMPILER_APPICON_NAME = AppIcon;
				ASSETCATALOG_COMPILER_GLOBAL_ACCENT_COLOR_NAME = AccentColor;
				CODE_SIGN_STYLE = Automatic;
				DEVELOPMENT_ASSET_PATHS = "\"BirdsOfCostaRica/Preview Content\"";
				DEVELOPMENT_TEAM = Q32LXKR624;
				ENABLE_PREVIEWS = YES;
				INFOPLIST_FILE = BirdsOfCostaRica/Info.plist;
				IPHONEOS_DEPLOYMENT_TARGET = 14.0;
				LD_RUNPATH_SEARCH_PATHS = (
					"$(inherited)",
					"@executable_path/Frameworks",
				);
				PRODUCT_BUNDLE_IDENTIFIER = loganwright.io.BirdsOfCostaRica;
				PRODUCT_NAME = "$(TARGET_NAME)";
				SWIFT_VERSION = 5.0;
				TARGETED_DEVICE_FAMILY = "1,2";
			};
			name = Release;
		};
		8067F1BD25CBE0FA00F0211E /* Debug */ = {
			isa = XCBuildConfiguration;
			buildSettings = {
				ALWAYS_EMBED_SWIFT_STANDARD_LIBRARIES = YES;
				BUNDLE_LOADER = "$(TEST_HOST)";
				CODE_SIGN_STYLE = Automatic;
				DEVELOPMENT_TEAM = Q32LXKR624;
				INFOPLIST_FILE = BirdsOfCostaRicaTests/Info.plist;
				IPHONEOS_DEPLOYMENT_TARGET = 14.0;
				LD_RUNPATH_SEARCH_PATHS = (
					"$(inherited)",
					"@executable_path/Frameworks",
					"@loader_path/Frameworks",
				);
				PRODUCT_BUNDLE_IDENTIFIER = loganwright.io.BirdsOfCostaRicaTests;
				PRODUCT_NAME = "$(TARGET_NAME)";
				SWIFT_VERSION = 5.0;
				TARGETED_DEVICE_FAMILY = "1,2";
				TEST_HOST = "$(BUILT_PRODUCTS_DIR)/BirdsOfCostaRica.app/BirdsOfCostaRica";
			};
			name = Debug;
		};
		8067F1BE25CBE0FA00F0211E /* Release */ = {
			isa = XCBuildConfiguration;
			buildSettings = {
				ALWAYS_EMBED_SWIFT_STANDARD_LIBRARIES = YES;
				BUNDLE_LOADER = "$(TEST_HOST)";
				CODE_SIGN_STYLE = Automatic;
				DEVELOPMENT_TEAM = Q32LXKR624;
				INFOPLIST_FILE = BirdsOfCostaRicaTests/Info.plist;
				IPHONEOS_DEPLOYMENT_TARGET = 14.0;
				LD_RUNPATH_SEARCH_PATHS = (
					"$(inherited)",
					"@executable_path/Frameworks",
					"@loader_path/Frameworks",
				);
				PRODUCT_BUNDLE_IDENTIFIER = loganwright.io.BirdsOfCostaRicaTests;
				PRODUCT_NAME = "$(TARGET_NAME)";
				SWIFT_VERSION = 5.0;
				TARGETED_DEVICE_FAMILY = "1,2";
				TEST_HOST = "$(BUILT_PRODUCTS_DIR)/BirdsOfCostaRica.app/BirdsOfCostaRica";
			};
			name = Release;
		};
		8067F1C025CBE0FA00F0211E /* Debug */ = {
			isa = XCBuildConfiguration;
			buildSettings = {
				ALWAYS_EMBED_SWIFT_STANDARD_LIBRARIES = YES;
				CODE_SIGN_STYLE = Automatic;
				DEVELOPMENT_TEAM = Q32LXKR624;
				INFOPLIST_FILE = BirdsOfCostaRicaUITests/Info.plist;
				LD_RUNPATH_SEARCH_PATHS = (
					"$(inherited)",
					"@executable_path/Frameworks",
					"@loader_path/Frameworks",
				);
				PRODUCT_BUNDLE_IDENTIFIER = loganwright.io.BirdsOfCostaRicaUITests;
				PRODUCT_NAME = "$(TARGET_NAME)";
				SWIFT_VERSION = 5.0;
				TARGETED_DEVICE_FAMILY = "1,2";
				TEST_TARGET_NAME = BirdsOfCostaRica;
			};
			name = Debug;
		};
		8067F1C125CBE0FA00F0211E /* Release */ = {
			isa = XCBuildConfiguration;
			buildSettings = {
				ALWAYS_EMBED_SWIFT_STANDARD_LIBRARIES = YES;
				CODE_SIGN_STYLE = Automatic;
				DEVELOPMENT_TEAM = Q32LXKR624;
				INFOPLIST_FILE = BirdsOfCostaRicaUITests/Info.plist;
				LD_RUNPATH_SEARCH_PATHS = (
					"$(inherited)",
					"@executable_path/Frameworks",
					"@loader_path/Frameworks",
				);
				PRODUCT_BUNDLE_IDENTIFIER = loganwright.io.BirdsOfCostaRicaUITests;
				PRODUCT_NAME = "$(TARGET_NAME)";
				SWIFT_VERSION = 5.0;
				TARGETED_DEVICE_FAMILY = "1,2";
				TEST_TARGET_NAME = BirdsOfCostaRica;
			};
			name = Release;
		};
/* End XCBuildConfiguration section */

/* Begin XCConfigurationList section */
		8067F18F25CBE0F800F0211E /* Build configuration list for PBXProject "BirdsOfCostaRica" */ = {
			isa = XCConfigurationList;
			buildConfigurations = (
				8067F1B725CBE0FA00F0211E /* Debug */,
				8067F1B825CBE0FA00F0211E /* Release */,
			);
			defaultConfigurationIsVisible = 0;
			defaultConfigurationName = Release;
		};
		8067F1B925CBE0FA00F0211E /* Build configuration list for PBXNativeTarget "BirdsOfCostaRica" */ = {
			isa = XCConfigurationList;
			buildConfigurations = (
				8067F1BA25CBE0FA00F0211E /* Debug */,
				8067F1BB25CBE0FA00F0211E /* Release */,
			);
			defaultConfigurationIsVisible = 0;
			defaultConfigurationName = Release;
		};
		8067F1BC25CBE0FA00F0211E /* Build configuration list for PBXNativeTarget "BirdsOfCostaRicaTests" */ = {
			isa = XCConfigurationList;
			buildConfigurations = (
				8067F1BD25CBE0FA00F0211E /* Debug */,
				8067F1BE25CBE0FA00F0211E /* Release */,
			);
			defaultConfigurationIsVisible = 0;
			defaultConfigurationName = Release;
		};
		8067F1BF25CBE0FA00F0211E /* Build configuration list for PBXNativeTarget "BirdsOfCostaRicaUITests" */ = {
			isa = XCConfigurationList;
			buildConfigurations = (
				8067F1C025CBE0FA00F0211E /* Debug */,
				8067F1C125CBE0FA00F0211E /* Release */,
			);
			defaultConfigurationIsVisible = 0;
			defaultConfigurationName = Release;
		};
/* End XCConfigurationList section */
	};
	rootObject = 8067F18C25CBE0F800F0211E /* Project object */;
}
